// !$*UTF8*$!
{
	archiveVersion = 1;
	classes = {
	};
	objectVersion = 46;
	objects = {

/* Begin PBXBuildFile section */
		3393493419A98459008FBE9D /* DirectedAuxiliary.cpp in Sources */ = {isa = PBXBuildFile; fileRef = 3393492219A98459008FBE9D /* DirectedAuxiliary.cpp */; };
		3393493519A98459008FBE9D /* DirectedCycle.cpp in Sources */ = {isa = PBXBuildFile; fileRef = 3393492519A98459008FBE9D /* DirectedCycle.cpp */; };
		3393493619A98459008FBE9D /* DirectedGraph.cpp in Sources */ = {isa = PBXBuildFile; fileRef = 3393492A19A98459008FBE9D /* DirectedGraph.cpp */; };
		3393493819A98459008FBE9D /* main.cpp in Sources */ = {isa = PBXBuildFile; fileRef = 3393492E19A98459008FBE9D /* main.cpp */; };
		3393493919A98459008FBE9D /* SymbolDiGraph.cpp in Sources */ = {isa = PBXBuildFile; fileRef = 3393493019A98459008FBE9D /* SymbolDiGraph.cpp */; };
		3393493D19A984B1008FBE9D /* SymbolMain.cpp in Sources */ = {isa = PBXBuildFile; fileRef = 3393493219A98459008FBE9D /* SymbolMain.cpp */; };
		3393493E19A984B1008FBE9D /* SymbolDiGraph.cpp in Sources */ = {isa = PBXBuildFile; fileRef = 3393493019A98459008FBE9D /* SymbolDiGraph.cpp */; };
		3393493F19A984B1008FBE9D /* DirectedGraph.cpp in Sources */ = {isa = PBXBuildFile; fileRef = 3393492A19A98459008FBE9D /* DirectedGraph.cpp */; };
		3393494019A984B1008FBE9D /* DirectedCycle.cpp in Sources */ = {isa = PBXBuildFile; fileRef = 3393492519A98459008FBE9D /* DirectedCycle.cpp */; };
		3393494219A984B1008FBE9D /* DirectedAuxiliary.cpp in Sources */ = {isa = PBXBuildFile; fileRef = 3393492219A98459008FBE9D /* DirectedAuxiliary.cpp */; };
/* End PBXBuildFile section */

/* Begin PBXCopyFilesBuildPhase section */
		3393491419A98404008FBE9D /* CopyFiles */ = {
			isa = PBXCopyFilesBuildPhase;
			buildActionMask = 2147483647;
			dstPath = /usr/share/man/man1/;
			dstSubfolderSpec = 0;
			files = (
			);
			runOnlyForDeploymentPostprocessing = 1;
		};
		3393494419A984B1008FBE9D /* CopyFiles */ = {
			isa = PBXCopyFilesBuildPhase;
			buildActionMask = 2147483647;
			dstPath = /usr/share/man/man1/;
			dstSubfolderSpec = 0;
			files = (
			);
			runOnlyForDeploymentPostprocessing = 1;
		};
/* End PBXCopyFilesBuildPhase section */

/* Begin PBXFileReference section */
		3393491619A98404008FBE9D /* DirectedGraph */ = {isa = PBXFileReference; explicitFileType = "compiled.mach-o.executable"; includeInIndex = 0; path = DirectedGraph; sourceTree = BUILT_PRODUCTS_DIR; };
		3393492219A98459008FBE9D /* DirectedAuxiliary.cpp */ = {isa = PBXFileReference; fileEncoding = 4; lastKnownFileType = sourcecode.cpp.cpp; path = DirectedAuxiliary.cpp; sourceTree = SOURCE_ROOT; };
		3393492319A98459008FBE9D /* DirectedAuxiliary.h */ = {isa = PBXFileReference; fileEncoding = 4; lastKnownFileType = sourcecode.c.h; path = DirectedAuxiliary.h; sourceTree = SOURCE_ROOT; };
		3393492419A98459008FBE9D /* DirectedBreathFirstSearch.h */ = {isa = PBXFileReference; fileEncoding = 4; lastKnownFileType = sourcecode.c.h; path = DirectedBreathFirstSearch.h; sourceTree = SOURCE_ROOT; };
		3393492519A98459008FBE9D /* DirectedCycle.cpp */ = {isa = PBXFileReference; fileEncoding = 4; lastKnownFileType = sourcecode.cpp.cpp; path = DirectedCycle.cpp; sourceTree = SOURCE_ROOT; };
		3393492619A98459008FBE9D /* DirectedCycle.h */ = {isa = PBXFileReference; fileEncoding = 4; lastKnownFileType = sourcecode.c.h; path = DirectedCycle.h; sourceTree = SOURCE_ROOT; };
		3393492719A98459008FBE9D /* DirectedDepthFirstOrder.h */ = {isa = PBXFileReference; fileEncoding = 4; lastKnownFileType = sourcecode.c.h; path = DirectedDepthFirstOrder.h; sourceTree = SOURCE_ROOT; };
		3393492819A98459008FBE9D /* DirectedDepthFirstSearch.h */ = {isa = PBXFileReference; fileEncoding = 4; lastKnownFileType = sourcecode.c.h; path = DirectedDepthFirstSearch.h; sourceTree = SOURCE_ROOT; };
		3393492919A98459008FBE9D /* DirectedFindPath.h */ = {isa = PBXFileReference; fileEncoding = 4; lastKnownFileType = sourcecode.c.h; path = DirectedFindPath.h; sourceTree = SOURCE_ROOT; };
		3393492A19A98459008FBE9D /* DirectedGraph.cpp */ = {isa = PBXFileReference; fileEncoding = 4; lastKnownFileType = sourcecode.cpp.cpp; path = DirectedGraph.cpp; sourceTree = SOURCE_ROOT; };
		3393492B19A98459008FBE9D /* DirectedGraph.h */ = {isa = PBXFileReference; fileEncoding = 4; lastKnownFileType = sourcecode.c.h; path = DirectedGraph.h; sourceTree = SOURCE_ROOT; };
		3393492D19A98459008FBE9D /* DirectedSearchGraph.h */ = {isa = PBXFileReference; fileEncoding = 4; lastKnownFileType = sourcecode.c.h; path = DirectedSearchGraph.h; sourceTree = SOURCE_ROOT; };
		3393492E19A98459008FBE9D /* main.cpp */ = {isa = PBXFileReference; fileEncoding = 4; lastKnownFileType = sourcecode.cpp.cpp; path = main.cpp; sourceTree = SOURCE_ROOT; };
		3393492F19A98459008FBE9D /* StrongConnectedComponent.h */ = {isa = PBXFileReference; fileEncoding = 4; lastKnownFileType = sourcecode.c.h; path = StrongConnectedComponent.h; sourceTree = SOURCE_ROOT; };
		3393493019A98459008FBE9D /* SymbolDiGraph.cpp */ = {isa = PBXFileReference; fileEncoding = 4; lastKnownFileType = sourcecode.cpp.cpp; path = SymbolDiGraph.cpp; sourceTree = SOURCE_ROOT; };
		3393493119A98459008FBE9D /* SymbolDiGraph.h */ = {isa = PBXFileReference; fileEncoding = 4; lastKnownFileType = sourcecode.c.h; path = SymbolDiGraph.h; sourceTree = SOURCE_ROOT; };
		3393493219A98459008FBE9D /* SymbolMain.cpp */ = {isa = PBXFileReference; fileEncoding = 4; lastKnownFileType = sourcecode.cpp.cpp; path = SymbolMain.cpp; sourceTree = SOURCE_ROOT; };
		3393493319A98459008FBE9D /* testsuit.txt */ = {isa = PBXFileReference; fileEncoding = 4; lastKnownFileType = text; path = testsuit.txt; sourceTree = SOURCE_ROOT; };
		3393494819A984B1008FBE9D /* DirectedGraph copy */ = {isa = PBXFileReference; explicitFileType = "compiled.mach-o.executable"; includeInIndex = 0; path = "DirectedGraph copy"; sourceTree = BUILT_PRODUCTS_DIR; };
/* End PBXFileReference section */

/* Begin PBXFrameworksBuildPhase section */
		3393491319A98404008FBE9D /* Frameworks */ = {
			isa = PBXFrameworksBuildPhase;
			buildActionMask = 2147483647;
			files = (
			);
			runOnlyForDeploymentPostprocessing = 0;
		};
		3393494319A984B1008FBE9D /* Frameworks */ = {
			isa = PBXFrameworksBuildPhase;
			buildActionMask = 2147483647;
			files = (
			);
			runOnlyForDeploymentPostprocessing = 0;
		};
/* End PBXFrameworksBuildPhase section */

/* Begin PBXGroup section */
		3393490D19A98404008FBE9D = {
			isa = PBXGroup;
			children = (
				3393491819A98404008FBE9D /* DirectedGraph */,
				3393491719A98404008FBE9D /* Products */,
			);
			sourceTree = "<group>";
		};
		3393491719A98404008FBE9D /* Products */ = {
			isa = PBXGroup;
			children = (
				3393491619A98404008FBE9D /* DirectedGraph */,
				3393494819A984B1008FBE9D /* DirectedGraph copy */,
			);
			name = Products;
			sourceTree = "<group>";
		};
		3393491819A98404008FBE9D /* DirectedGraph */ = {
			isa = PBXGroup;
			children = (
				3393492219A98459008FBE9D /* DirectedAuxiliary.cpp */,
				3393492319A98459008FBE9D /* DirectedAuxiliary.h */,
				3393492419A98459008FBE9D /* DirectedBreathFirstSearch.h */,
				3393492519A98459008FBE9D /* DirectedCycle.cpp */,
				3393492619A98459008FBE9D /* DirectedCycle.h */,
				3393492719A98459008FBE9D /* DirectedDepthFirstOrder.h */,
				3393492819A98459008FBE9D /* DirectedDepthFirstSearch.h */,
				3393492919A98459008FBE9D /* DirectedFindPath.h */,
				3393492A19A98459008FBE9D /* DirectedGraph.cpp */,
				3393492B19A98459008FBE9D /* DirectedGraph.h */,
				3393492D19A98459008FBE9D /* DirectedSearchGraph.h */,
				3393492E19A98459008FBE9D /* main.cpp */,
				3393492F19A98459008FBE9D /* StrongConnectedComponent.h */,
				3393493019A98459008FBE9D /* SymbolDiGraph.cpp */,
				3393493119A98459008FBE9D /* SymbolDiGraph.h */,
				3393493219A98459008FBE9D /* SymbolMain.cpp */,
				3393493319A98459008FBE9D /* testsuit.txt */,
			);
			path = DirectedGraph;
			sourceTree = "<group>";
		};
/* End PBXGroup section */

/* Begin PBXNativeTarget section */
		3393491519A98404008FBE9D /* DirectedGraph */ = {
			isa = PBXNativeTarget;
			buildConfigurationList = 3393491F19A98404008FBE9D /* Build configuration list for PBXNativeTarget "DirectedGraph" */;
			buildPhases = (
				3393491219A98404008FBE9D /* Sources */,
				3393491319A98404008FBE9D /* Frameworks */,
				3393491419A98404008FBE9D /* CopyFiles */,
			);
			buildRules = (
			);
			dependencies = (
			);
			name = DirectedGraph;
			productName = DirectedGraph;
			productReference = 3393491619A98404008FBE9D /* DirectedGraph */;
			productType = "com.apple.product-type.tool";
		};
		3393493B19A984B1008FBE9D /* DirectedGraph copy */ = {
			isa = PBXNativeTarget;
			buildConfigurationList = 3393494519A984B1008FBE9D /* Build configuration list for PBXNativeTarget "DirectedGraph copy" */;
			buildPhases = (
				3393493C19A984B1008FBE9D /* Sources */,
				3393494319A984B1008FBE9D /* Frameworks */,
				3393494419A984B1008FBE9D /* CopyFiles */,
			);
			buildRules = (
			);
			dependencies = (
			);
			name = "DirectedGraph copy";
			productName = DirectedGraph;
			productReference = 3393494819A984B1008FBE9D /* DirectedGraph copy */;
			productType = "com.apple.product-type.tool";
		};
/* End PBXNativeTarget section */

/* Begin PBXProject section */
		3393490E19A98404008FBE9D /* Project object */ = {
			isa = PBXProject;
			attributes = {
				LastUpgradeCheck = 0510;
				ORGANIZATIONNAME = "___FULLUSERNAME___";
			};
			buildConfigurationList = 3393491119A98404008FBE9D /* Build configuration list for PBXProject "DirectedGraph" */;
			compatibilityVersion = "Xcode 3.2";
			developmentRegion = English;
			hasScannedForEncodings = 0;
			knownRegions = (
				en,
			);
			mainGroup = 3393490D19A98404008FBE9D;
			productRefGroup = 3393491719A98404008FBE9D /* Products */;
			projectDirPath = "";
			projectRoot = "";
			targets = (
				3393491519A98404008FBE9D /* DirectedGraph */,
				3393493B19A984B1008FBE9D /* DirectedGraph copy */,
			);
		};
/* End PBXProject section */

/* Begin PBXSourcesBuildPhase section */
		3393491219A98404008FBE9D /* Sources */ = {
			isa = PBXSourcesBuildPhase;
			buildActionMask = 2147483647;
			files = (
				3393493919A98459008FBE9D /* SymbolDiGraph.cpp in Sources */,
				3393493619A98459008FBE9D /* DirectedGraph.cpp in Sources */,
				3393493519A98459008FBE9D /* DirectedCycle.cpp in Sources */,
				3393493819A98459008FBE9D /* main.cpp in Sources */,
				3393493419A98459008FBE9D /* DirectedAuxiliary.cpp in Sources */,
			);
			runOnlyForDeploymentPostprocessing = 0;
		};
		3393493C19A984B1008FBE9D /* Sources */ = {
			isa = PBXSourcesBuildPhase;
			buildActionMask = 2147483647;
			files = (
				3393493D19A984B1008FBE9D /* SymbolMain.cpp in Sources */,
				3393493E19A984B1008FBE9D /* SymbolDiGraph.cpp in Sources */,
				3393493F19A984B1008FBE9D /* DirectedGraph.cpp in Sources */,
				3393494019A984B1008FBE9D /* DirectedCycle.cpp in Sources */,
				3393494219A984B1008FBE9D /* DirectedAuxiliary.cpp in Sources */,
			);
			runOnlyForDeploymentPostprocessing = 0;
		};
/* End PBXSourcesBuildPhase section */

/* Begin XCBuildConfiguration section */
		3393491D19A98404008FBE9D /* Debug */ = {
			isa = XCBuildConfiguration;
			buildSettings = {
				ALWAYS_SEARCH_USER_PATHS = NO;
				CLANG_CXX_LANGUAGE_STANDARD = "gnu++0x";
				CLANG_CXX_LIBRARY = "libc++";
				CLANG_ENABLE_MODULES = YES;
				CLANG_ENABLE_OBJC_ARC = YES;
				CLANG_WARN_BOOL_CONVERSION = YES;
				CLANG_WARN_CONSTANT_CONVERSION = YES;
				CLANG_WARN_DIRECT_OBJC_ISA_USAGE = YES_ERROR;
				CLANG_WARN_EMPTY_BODY = YES;
				CLANG_WARN_ENUM_CONVERSION = YES;
				CLANG_WARN_INT_CONVERSION = YES;
				CLANG_WARN_OBJC_ROOT_CLASS = YES_ERROR;
				CLANG_WARN__DUPLICATE_METHOD_MATCH = YES;
				COPY_PHASE_STRIP = NO;
				GCC_C_LANGUAGE_STANDARD = gnu99;
				GCC_DYNAMIC_NO_PIC = NO;
				GCC_ENABLE_OBJC_EXCEPTIONS = YES;
				GCC_OPTIMIZATION_LEVEL = 0;
				GCC_PREPROCESSOR_DEFINITIONS = (
					"DEBUG=1",
					"$(inherited)",
				);
				GCC_SYMBOLS_PRIVATE_EXTERN = NO;
				GCC_WARN_64_TO_32_BIT_CONVERSION = YES;
				GCC_WARN_ABOUT_RETURN_TYPE = YES_ERROR;
				GCC_WARN_UNDECLARED_SELECTOR = YES;
				GCC_WARN_UNINITIALIZED_AUTOS = YES_AGGRESSIVE;
				GCC_WARN_UNUSED_FUNCTION = YES;
				GCC_WARN_UNUSED_VARIABLE = YES;
				MACOSX_DEPLOYMENT_TARGET = 10.9;
				ONLY_ACTIVE_ARCH = YES;
				SDKROOT = macosx;
			};
			name = Debug;
		};
		3393491E19A98404008FBE9D /* Release */ = {
			isa = XCBuildConfiguration;
			buildSettings = {
				ALWAYS_SEARCH_USER_PATHS = NO;
				CLANG_CXX_LANGUAGE_STANDARD = "gnu++0x";
				CLANG_CXX_LIBRARY = "libc++";
				CLANG_ENABLE_MODULES = YES;
				CLANG_ENABLE_OBJC_ARC = YES;
				CLANG_WARN_BOOL_CONVERSION = YES;
				CLANG_WARN_CONSTANT_CONVERSION = YES;
				CLANG_WARN_DIRECT_OBJC_ISA_USAGE = YES_ERROR;
				CLANG_WARN_EMPTY_BODY = YES;
				CLANG_WARN_ENUM_CONVERSION = YES;
				CLANG_WARN_INT_CONVERSION = YES;
				CLANG_WARN_OBJC_ROOT_CLASS = YES_ERROR;
				CLANG_WARN__DUPLICATE_METHOD_MATCH = YES;
				COPY_PHASE_STRIP = YES;
				DEBUG_INFORMATION_FORMAT = "dwarf-with-dsym";
				ENABLE_NS_ASSERTIONS = NO;
				GCC_C_LANGUAGE_STANDARD = gnu99;
				GCC_ENABLE_OBJC_EXCEPTIONS = YES;
				GCC_WARN_64_TO_32_BIT_CONVERSION = YES;
				GCC_WARN_ABOUT_RETURN_TYPE = YES_ERROR;
				GCC_WARN_UNDECLARED_SELECTOR = YES;
				GCC_WARN_UNINITIALIZED_AUTOS = YES_AGGRESSIVE;
				GCC_WARN_UNUSED_FUNCTION = YES;
				GCC_WARN_UNUSED_VARIABLE = YES;
				MACOSX_DEPLOYMENT_TARGET = 10.9;
				SDKROOT = macosx;
			};
			name = Release;
		};
		3393492019A98404008FBE9D /* Debug */ = {
			isa = XCBuildConfiguration;
			buildSettings = {
				PRODUCT_NAME = "$(TARGET_NAME)";
			};
			name = Debug;
		};
		3393492119A98404008FBE9D /* Release */ = {
			isa = XCBuildConfiguration;
			buildSettings = {
				PRODUCT_NAME = "$(TARGET_NAME)";
			};
			name = Release;
		};
		3393494619A984B1008FBE9D /* Debug */ = {
			isa = XCBuildConfiguration;
			buildSettings = {
				PRODUCT_NAME = "DirectedGraph copy";
			};
			name = Debug;
		};
		3393494719A984B1008FBE9D /* Release */ = {
			isa = XCBuildConfiguration;
			buildSettings = {
				PRODUCT_NAME = "DirectedGraph copy";
			};
			name = Release;
		};
/* End XCBuildConfiguration section */

/* Begin XCConfigurationList section */
		3393491119A98404008FBE9D /* Build configuration list for PBXProject "DirectedGraph" */ = {
			isa = XCConfigurationList;
			buildConfigurations = (
				3393491D19A98404008FBE9D /* Debug */,
				3393491E19A98404008FBE9D /* Release */,
			);
			defaultConfigurationIsVisible = 0;
			defaultConfigurationName = Release;
		};
		3393491F19A98404008FBE9D /* Build configuration list for PBXNativeTarget "DirectedGraph" */ = {
			isa = XCConfigurationList;
			buildConfigurations = (
				3393492019A98404008FBE9D /* Debug */,
				3393492119A98404008FBE9D /* Release */,
			);
			defaultConfigurationIsVisible = 0;
			defaultConfigurationName = Release;
		};
		3393494519A984B1008FBE9D /* Build configuration list for PBXNativeTarget "DirectedGraph copy" */ = {
			isa = XCConfigurationList;
			buildConfigurations = (
				3393494619A984B1008FBE9D /* Debug */,
				3393494719A984B1008FBE9D /* Release */,
			);
			defaultConfigurationIsVisible = 0;
			defaultConfigurationName = Release;
		};
/* End XCConfigurationList section */
	};
	rootObject = 3393490E19A98404008FBE9D /* Project object */;
}
